
Microsoft Visual Studio Solution File, Format Version 12.00
# Visual Studio Version 17
VisualStudioVersion = 17.7.34031.279
MinimumVisualStudioVersion = 10.0.40219.1
Project("{2150E333-8FDC-42A3-9474-1A3956D46DE8}") = "Core", "Core", "{4B0C05A9-39F3-403D-8AF5-07280CAC97AB}"
EndProject
Project("{9A19103F-16F7-4668-BE54-9A1E7A4F7556}") = "Hospital.Domain", "Hospital.Domain\Hospital.Domain.csproj", "{C08F8A47-D698-4AE7-ACDC-2F2C077ED22D}"
EndProject
Project("{2150E333-8FDC-42A3-9474-1A3956D46DE8}") = "Infrastructure", "Infrastructure", "{F7748FAF-12B7-4881-BC9F-984B875D9277}"
EndProject
Project("{9A19103F-16F7-4668-BE54-9A1E7A4F7556}") = "Hospital.Persistence", "Hospital.Persistence\Hospital.Persistence.csproj", "{5C5BCCE3-CFC6-4E9F-A3EF-38553EC3DDC3}"
EndProject
Project("{9A19103F-16F7-4668-BE54-9A1E7A4F7556}") = "Hospital.WebApi", "Hospital.WebApi\Hospital.WebApi.csproj", "{B5616B82-177A-4378-A9B7-DE320C8502C4}"
EndProject
Project("{2150E333-8FDC-42A3-9474-1A3956D46DE8}") = "Presentation", "Presentation", "{CA45F50B-942F-46A3-BE26-03B7B47F3068}"
EndProject
Project("{9A19103F-16F7-4668-BE54-9A1E7A4F7556}") = "Hospital.Application", "Hospital.Application\Hospital.Application.csproj", "{8A588DB8-7B3D-4EFD-B778-AAD6A3BDA024}"
EndProject
Project("{2150E333-8FDC-42A3-9474-1A3956D46DE8}") = "Solution Items", "Solution Items", "{5BA00FFD-4A07-4056-9988-BB7435AAA5CB}"
	ProjectSection(SolutionItems) = preProject
		Notlar.txt = Notlar.txt
	EndProjectSection
EndProject
Global
	GlobalSection(SolutionConfigurationPlatforms) = preSolution
		Debug|Any CPU = Debug|Any CPU
		Release|Any CPU = Release|Any CPU
	EndGlobalSection
	GlobalSection(ProjectConfigurationPlatforms) = postSolution
		{C08F8A47-D698-4AE7-ACDC-2F2C077ED22D}.Debug|Any CPU.ActiveCfg = Debug|Any CPU
		{C08F8A47-D698-4AE7-ACDC-2F2C077ED22D}.Debug|Any CPU.Build.0 = Debug|Any CPU
		{C08F8A47-D698-4AE7-ACDC-2F2C077ED22D}.Release|Any CPU.ActiveCfg = Release|Any CPU
		{C08F8A47-D698-4AE7-ACDC-2F2C077ED22D}.Release|Any CPU.Build.0 = Release|Any CPU
		{5C5BCCE3-CFC6-4E9F-A3EF-38553EC3DDC3}.Debug|Any CPU.ActiveCfg = Debug|Any CPU
		{5C5BCCE3-CFC6-4E9F-A3EF-38553EC3DDC3}.Debug|Any CPU.Build.0 = Debug|Any CPU
		{5C5BCCE3-CFC6-4E9F-A3EF-38553EC3DDC3}.Release|Any CPU.ActiveCfg = Release|Any CPU
		{5C5BCCE3-CFC6-4E9F-A3EF-38553EC3DDC3}.Release|Any CPU.Build.0 = Release|Any CPU
		{B5616B82-177A-4378-A9B7-DE320C8502C4}.Debug|Any CPU.ActiveCfg = Debug|Any CPU
		{B5616B82-177A-4378-A9B7-DE320C8502C4}.Debug|Any CPU.Build.0 = Debug|Any CPU
		{B5616B82-177A-4378-A9B7-DE320C8502C4}.Release|Any CPU.ActiveCfg = Release|Any CPU
		{B5616B82-177A-4378-A9B7-DE320C8502C4}.Release|Any CPU.Build.0 = Release|Any CPU
		{8A588DB8-7B3D-4EFD-B778-AAD6A3BDA024}.Debug|Any CPU.ActiveCfg = Debug|Any CPU
		{8A588DB8-7B3D-4EFD-B778-AAD6A3BDA024}.Debug|Any CPU.Build.0 = Debug|Any CPU
		{8A588DB8-7B3D-4EFD-B778-AAD6A3BDA024}.Release|Any CPU.ActiveCfg = Release|Any CPU
		{8A588DB8-7B3D-4EFD-B778-AAD6A3BDA024}.Release|Any CPU.Build.0 = Release|Any CPU
	EndGlobalSection
	GlobalSection(SolutionProperties) = preSolution
		HideSolutionNode = FALSE
	EndGlobalSection
	GlobalSection(NestedProjects) = preSolution
		{C08F8A47-D698-4AE7-ACDC-2F2C077ED22D} = {4B0C05A9-39F3-403D-8AF5-07280CAC97AB}
		{5C5BCCE3-CFC6-4E9F-A3EF-38553EC3DDC3} = {F7748FAF-12B7-4881-BC9F-984B875D9277}
		{B5616B82-177A-4378-A9B7-DE320C8502C4} = {CA45F50B-942F-46A3-BE26-03B7B47F3068}
		{8A588DB8-7B3D-4EFD-B778-AAD6A3BDA024} = {4B0C05A9-39F3-403D-8AF5-07280CAC97AB}
	EndGlobalSection
	GlobalSection(ExtensibilityGlobals) = postSolution
		SolutionGuid = {A20E2BE5-7E9D-4F4E-BEBE-35B01AFC39B6}
	EndGlobalSection
EndGlobal
